
Microsoft Visual Studio Solution File, Format Version 12.00
# Visual Studio Version 17
VisualStudioVersion = 17.9.34723.18
MinimumVisualStudioVersion = 10.0.40219.1
Project("{9A19103F-16F7-4668-BE54-9A1E7A4F7556}") = "ScheduleBackend", "ScheduleBackend\ScheduleBackend.csproj", "{332AB1C2-09E7-48AA-8B6A-48AE116AFFB9}"
EndProject
Project("{FAE04EC0-301F-11D3-BF4B-00C04F79EFBC}") = "NotificationService", "NotificationService\NotificationService.csproj", "{D5A1ECF9-8A9F-4CE0-AA5A-5FBCC3025127}"
EndProject
Global
	GlobalSection(SolutionConfigurationPlatforms) = preSolution
		Debug|Any CPU = Debug|Any CPU
		Release|Any CPU = Release|Any CPU
	EndGlobalSection
	GlobalSection(ProjectConfigurationPlatforms) = postSolution
		{332AB1C2-09E7-48AA-8B6A-48AE116AFFB9}.Debug|Any CPU.ActiveCfg = Debug|Any CPU
		{332AB1C2-09E7-48AA-8B6A-48AE116AFFB9}.Debug|Any CPU.Build.0 = Debug|Any CPU
		{332AB1C2-09E7-48AA-8B6A-48AE116AFFB9}.Release|Any CPU.ActiveCfg = Release|Any CPU
		{332AB1C2-09E7-48AA-8B6A-48AE116AFFB9}.Release|Any CPU.Build.0 = Release|Any CPU
		{D5A1ECF9-8A9F-4CE0-AA5A-5FBCC3025127}.Debug|Any CPU.ActiveCfg = Debug|Any CPU
		{D5A1ECF9-8A9F-4CE0-AA5A-5FBCC3025127}.Debug|Any CPU.Build.0 = Debug|Any CPU
		{D5A1ECF9-8A9F-4CE0-AA5A-5FBCC3025127}.Release|Any CPU.ActiveCfg = Release|Any CPU
		{D5A1ECF9-8A9F-4CE0-AA5A-5FBCC3025127}.Release|Any CPU.Build.0 = Release|Any CPU
	EndGlobalSection
	GlobalSection(SolutionProperties) = preSolution
		HideSolutionNode = FALSE
	EndGlobalSection
	GlobalSection(ExtensibilityGlobals) = postSolution
		SolutionGuid = {04C44990-169C-47B6-8F5C-B88D1B70FF74}
	EndGlobalSection
EndGlobal
